
Microsoft Visual Studio Solution File, Format Version 12.00
# Visual Studio Version 17
VisualStudioVersion = 17.0.31903.59
MinimumVisualStudioVersion = 10.0.40219.1
Project("{2150E333-8FDC-42A3-9474-1A3956D46DE8}") = "src", "src", "{2E297A76-FF84-48C5-B09B-A072C2071710}"
EndProject
Project("{FAE04EC0-301F-11D3-BF4B-00C04F79EFBC}") = "MoneyTracker.Core", "src\MoneyTracker.Core\MoneyTracker.Core.csproj", "{5E45FF5B-76DC-49FA-9FD0-F893F4E36189}"
EndProject
Project("{FAE04EC0-301F-11D3-BF4B-00C04F79EFBC}") = "MoneyTracker.Data", "src\MoneyTracker.Data\MoneyTracker.Data.csproj", "{2E8A4453-B307-4B99-B396-0AD6F2DFA3C8}"
EndProject
Project("{FAE04EC0-301F-11D3-BF4B-00C04F79EFBC}") = "MoneyTracker.Api", "src\MoneyTracker.Api\MoneyTracker.Api.csproj", "{CED17609-11D6-45CB-B6C5-15D79FFA19ED}"
EndProject
Project("{FAE04EC0-301F-11D3-BF4B-00C04F79EFBC}") = "MoneyTracker.Tests", "src\MoneyTracker.Tests\MoneyTracker.Tests.csproj", "{FFBEF380-F3DE-4558-92E3-8A6B9C4DB154}"
EndProject
Global
	GlobalSection(SolutionConfigurationPlatforms) = preSolution
		Debug|Any CPU = Debug|Any CPU
		Debug|x64 = Debug|x64
		Debug|x86 = Debug|x86
		Release|Any CPU = Release|Any CPU
		Release|x64 = Release|x64
		Release|x86 = Release|x86
	EndGlobalSection
	GlobalSection(ProjectConfigurationPlatforms) = postSolution
		{5E45FF5B-76DC-49FA-9FD0-F893F4E36189}.Debug|Any CPU.ActiveCfg = Debug|Any CPU
		{5E45FF5B-76DC-49FA-9FD0-F893F4E36189}.Debug|Any CPU.Build.0 = Debug|Any CPU
		{5E45FF5B-76DC-49FA-9FD0-F893F4E36189}.Debug|x64.ActiveCfg = Debug|Any CPU
		{5E45FF5B-76DC-49FA-9FD0-F893F4E36189}.Debug|x64.Build.0 = Debug|Any CPU
		{5E45FF5B-76DC-49FA-9FD0-F893F4E36189}.Debug|x86.ActiveCfg = Debug|Any CPU
		{5E45FF5B-76DC-49FA-9FD0-F893F4E36189}.Debug|x86.Build.0 = Debug|Any CPU
		{5E45FF5B-76DC-49FA-9FD0-F893F4E36189}.Release|Any CPU.ActiveCfg = Release|Any CPU
		{5E45FF5B-76DC-49FA-9FD0-F893F4E36189}.Release|Any CPU.Build.0 = Release|Any CPU
		{5E45FF5B-76DC-49FA-9FD0-F893F4E36189}.Release|x64.ActiveCfg = Release|Any CPU
		{5E45FF5B-76DC-49FA-9FD0-F893F4E36189}.Release|x64.Build.0 = Release|Any CPU
		{5E45FF5B-76DC-49FA-9FD0-F893F4E36189}.Release|x86.ActiveCfg = Release|Any CPU
		{5E45FF5B-76DC-49FA-9FD0-F893F4E36189}.Release|x86.Build.0 = Release|Any CPU
		{2E8A4453-B307-4B99-B396-0AD6F2DFA3C8}.Debug|Any CPU.ActiveCfg = Debug|Any CPU
		{2E8A4453-B307-4B99-B396-0AD6F2DFA3C8}.Debug|Any CPU.Build.0 = Debug|Any CPU
		{2E8A4453-B307-4B99-B396-0AD6F2DFA3C8}.Debug|x64.ActiveCfg = Debug|Any CPU
		{2E8A4453-B307-4B99-B396-0AD6F2DFA3C8}.Debug|x64.Build.0 = Debug|Any CPU
		{2E8A4453-B307-4B99-B396-0AD6F2DFA3C8}.Debug|x86.ActiveCfg = Debug|Any CPU
		{2E8A4453-B307-4B99-B396-0AD6F2DFA3C8}.Debug|x86.Build.0 = Debug|Any CPU
		{2E8A4453-B307-4B99-B396-0AD6F2DFA3C8}.Release|Any CPU.ActiveCfg = Release|Any CPU
		{2E8A4453-B307-4B99-B396-0AD6F2DFA3C8}.Release|Any CPU.Build.0 = Release|Any CPU
		{2E8A4453-B307-4B99-B396-0AD6F2DFA3C8}.Release|x64.ActiveCfg = Release|Any CPU
		{2E8A4453-B307-4B99-B396-0AD6F2DFA3C8}.Release|x64.Build.0 = Release|Any CPU
		{2E8A4453-B307-4B99-B396-0AD6F2DFA3C8}.Release|x86.ActiveCfg = Release|Any CPU
		{2E8A4453-B307-4B99-B396-0AD6F2DFA3C8}.Release|x86.Build.0 = Release|Any CPU
		{CED17609-11D6-45CB-B6C5-15D79FFA19ED}.Debug|Any CPU.ActiveCfg = Debug|Any CPU
		{CED17609-11D6-45CB-B6C5-15D79FFA19ED}.Debug|Any CPU.Build.0 = Debug|Any CPU
		{CED17609-11D6-45CB-B6C5-15D79FFA19ED}.Debug|x64.ActiveCfg = Debug|Any CPU
		{CED17609-11D6-45CB-B6C5-15D79FFA19ED}.Debug|x64.Build.0 = Debug|Any CPU
		{CED17609-11D6-45CB-B6C5-15D79FFA19ED}.Debug|x86.ActiveCfg = Debug|Any CPU
		{CED17609-11D6-45CB-B6C5-15D79FFA19ED}.Debug|x86.Build.0 = Debug|Any CPU
		{CED17609-11D6-45CB-B6C5-15D79FFA19ED}.Release|Any CPU.ActiveCfg = Release|Any CPU
		{CED17609-11D6-45CB-B6C5-15D79FFA19ED}.Release|Any CPU.Build.0 = Release|Any CPU
		{CED17609-11D6-45CB-B6C5-15D79FFA19ED}.Release|x64.ActiveCfg = Release|Any CPU
		{CED17609-11D6-45CB-B6C5-15D79FFA19ED}.Release|x64.Build.0 = Release|Any CPU
		{CED17609-11D6-45CB-B6C5-15D79FFA19ED}.Release|x86.ActiveCfg = Release|Any CPU
		{CED17609-11D6-45CB-B6C5-15D79FFA19ED}.Release|x86.Build.0 = Release|Any CPU
		{FFBEF380-F3DE-4558-92E3-8A6B9C4DB154}.Debug|Any CPU.ActiveCfg = Debug|Any CPU
		{FFBEF380-F3DE-4558-92E3-8A6B9C4DB154}.Debug|Any CPU.Build.0 = Debug|Any CPU
		{FFBEF380-F3DE-4558-92E3-8A6B9C4DB154}.Debug|x64.ActiveCfg = Debug|Any CPU
		{FFBEF380-F3DE-4558-92E3-8A6B9C4DB154}.Debug|x64.Build.0 = Debug|Any CPU
		{FFBEF380-F3DE-4558-92E3-8A6B9C4DB154}.Debug|x86.ActiveCfg = Debug|Any CPU
		{FFBEF380-F3DE-4558-92E3-8A6B9C4DB154}.Debug|x86.Build.0 = Debug|Any CPU
		{FFBEF380-F3DE-4558-92E3-8A6B9C4DB154}.Release|Any CPU.ActiveCfg = Release|Any CPU
		{FFBEF380-F3DE-4558-92E3-8A6B9C4DB154}.Release|Any CPU.Build.0 = Release|Any CPU
		{FFBEF380-F3DE-4558-92E3-8A6B9C4DB154}.Release|x64.ActiveCfg = Release|Any CPU
		{FFBEF380-F3DE-4558-92E3-8A6B9C4DB154}.Release|x64.Build.0 = Release|Any CPU
		{FFBEF380-F3DE-4558-92E3-8A6B9C4DB154}.Release|x86.ActiveCfg = Release|Any CPU
		{FFBEF380-F3DE-4558-92E3-8A6B9C4DB154}.Release|x86.Build.0 = Release|Any CPU
	EndGlobalSection
	GlobalSection(SolutionProperties) = preSolution
		HideSolutionNode = FALSE
	EndGlobalSection
	GlobalSection(NestedProjects) = preSolution
		{5E45FF5B-76DC-49FA-9FD0-F893F4E36189} = {2E297A76-FF84-48C5-B09B-A072C2071710}
		{2E8A4453-B307-4B99-B396-0AD6F2DFA3C8} = {2E297A76-FF84-48C5-B09B-A072C2071710}
		{CED17609-11D6-45CB-B6C5-15D79FFA19ED} = {2E297A76-FF84-48C5-B09B-A072C2071710}
		{FFBEF380-F3DE-4558-92E3-8A6B9C4DB154} = {2E297A76-FF84-48C5-B09B-A072C2071710}
	EndGlobalSection
EndGlobal
